{
  "meteor": {},
  "dependencies": {
    "basePackages": {
      "jquery-sidr": {}
    },
    "packages": {
      "jquery-sidr": {
        "git": "https://github.com/sunkay/meteor-jquery-sidr.git",
        "tag": "v0.0.5",
        "commit": "a0df237fee69f79e9d0239237c039c078dcd3361"
      }
    }
  }
}
